lockfileVersion: '9.0'

settings:
  autoInstallPeers: true
  excludeLinksFromLockfile: false

importers:

  .:
    dependencies:
      '@openai/codex':
        specifier: 0.134.0-alpha.1
        version: 0.134.0-alpha.1
      electron:
        specifier: 42.2.0
        version: 42.2.0
    devDependencies:
      '@electron/asar':
        specifier: ^4.2.0
        version: 4.2.0
      '@electron/rebuild':
        specifier: ^4.0.4
        version: 4.0.4
      node-abi:
        specifier: 4.31.0
        version: 4.31.0

packages:

  '@electron/asar@4.2.0':
    resolution: {integrity: sha512-npW1NW5yy8EB9XY/vEw9sUdgmq0sJEhmSBb6bqyFOAw1CSkrhvAvO6QWlW8CdIMo8VN1lkdF345l/MeW0LrY0Q==}
    engines: {node: '>=22.12.0'}
    hasBin: true

  '@electron/get@5.0.0':
    resolution: {integrity: sha512-pjoBpru1KdEtcExBnuHAP1cAc/5faoedw0hzJkL3o4/IJp7HNF1+fbrdxT3gMYRX2oJfvnA/WXeCTVQpYYxyJA==}
    engines: {node: '>=22.12.0'}

  '@electron/rebuild@4.0.4':
    resolution: {integrity: sha512-Rzc39XPdk/+/wBG8MfwAHohXflep0ITUfulb6Rgz3R0NeSB1noE+E9/M/cb8ftCAiyDD9PPhLuuWgE1GaInbKg==}
    engines: {node: '>=22.12.0'}
    hasBin: true

  '@isaacs/fs-minipass@4.0.1':
    resolution: {integrity: sha512-wgm9Ehl2jpeqP3zw/7mo3kRHFp5MEDhqAdwy1fTGkHAwnkGOVsgpvQhL8B5n1qlb01jV3n/bI0ZfZp5lWA1k4w==}
    engines: {node: '>=18.0.0'}

  '@malept/cross-spawn-promise@2.0.0':
    resolution: {integrity: sha512-1DpKU0Z5ThltBwjNySMC14g0CkbyhCaz9FkhxqNsZI6uAPJXFS8cMXlBKo26FJ8ZuW6S9GCMcR9IO5k2X5/9Fg==}
    engines: {node: '>= 12.13.0'}

  '@openai/codex@0.134.0-alpha.1':
    resolution: {integrity: sha512-OGuq62HlNxy9G+67ZVCNska1qh0FZObhl+FONeJfAMakP71sR8htmRe681WBc6o0V/DSmqtGb/XyyYBlg3/bgw==}
    engines: {node: '>=16'}
    hasBin: true

  '@openai/codex@0.134.0-alpha.1-darwin-arm64':
    resolution: {integrity: sha512-aGMKvwVD+4EQItBd5aDhzkiVSPfV7YfPx3k1HKDxUcxaW5VRQrwaLTjp4T6EW4plkCTzBjmnxR59WiqwVhTJ8A==}
    engines: {node: '>=16'}
    cpu: [arm64]
    os: [darwin]

  '@openai/codex@0.134.0-alpha.1-darwin-x64':
    resolution: {integrity: sha512-mEMa1B06ePrKqlVVQK9nOreFYGX+nn1zIgaDtsC/pQe9+0a20Ddz1lmUc805nSb1AcdSSVYUp7qkce1PRMjaeQ==}
    engines: {node: '>=16'}
    cpu: [x64]
    os: [darwin]

  '@openai/codex@0.134.0-alpha.1-linux-arm64':
    resolution: {integrity: sha512-rchHBn/x2sUmPpENnK8swIFa3KTA4XdFSgi/euLlCeJUCzud+SAPRGgdr8ysOe6VET30ym92gJinT93kHuMb+A==}
    engines: {node: '>=16'}
    cpu: [arm64]
    os: [linux]

  '@openai/codex@0.134.0-alpha.1-linux-x64':
    resolution: {integrity: sha512-C/EU9nJkD8B38VHJT/USlHsaTZ/mrMEeyFLOL7r7lMKG5Cn1lht7jTlOA/SBgkx3ixEtQb6ogXd60JC/iytxkw==}
    engines: {node: '>=16'}
    cpu: [x64]
    os: [linux]

  '@openai/codex@0.134.0-alpha.1-win32-arm64':
    resolution: {integrity: sha512-c2PNOvhviTt3kMh8NRsjdyKGuZ+l/WL/w66128olSr+DpMxDrC/ddgaYs6EqEwQJbhGoo6aRMilakNZuJbxn2Q==}
    engines: {node: '>=16'}
    cpu: [arm64]
    os: [win32]

  '@openai/codex@0.134.0-alpha.1-win32-x64':
    resolution: {integrity: sha512-5UgVWzzi8bYWH0gUqSbwPmE4UkjgNhutcvITjbAOqjrn428XniLg5yyHPCS0hnZ3ATrHhzWDskhCg1M0wCnknw==}
    engines: {node: '>=16'}
    cpu: [x64]
    os: [win32]

  '@types/node@24.12.4':
    resolution: {integrity: sha512-GUUEShf+PBCGW2KaXwcIt3Yk+e3pkKwWKb9GSyM9WQVE+ep2jzmHdGsHzu4wgcZy5fN9FBdVzjpBQsYlpfpgLA==}

  '@types/yauzl@2.10.3':
    resolution: {integrity: sha512-oJoftv0LSuaDZE3Le4DbKX+KS9G36NzOeSap90UIK0yMA/NhKJhqlSGtNDORNRaIbQfzjXDrQa0ytJ6mNRGz/Q==}

  abbrev@4.0.0:
    resolution: {integrity: sha512-a1wflyaL0tHtJSmLSOVybYhy22vRih4eduhhrkcjgrWGnRfrZtovJ2FRjxuTtkkj47O/baf0R86QU5OuYpz8fA==}
    engines: {node: ^20.17.0 || >=22.9.0}

  balanced-match@4.0.4:
    resolution: {integrity: sha512-BLrgEcRTwX2o6gGxGOCNyMvGSp35YofuYzw9h1IMTRmKqttAZZVU67bdb9Pr2vUHA8+j3i2tJfjO6C6+4myGTA==}
    engines: {node: 18 || 20 || >=22}

  brace-expansion@5.0.5:
    resolution: {integrity: sha512-VZznLgtwhn+Mact9tfiwx64fA9erHH/MCXEUfB/0bX/6Fz6ny5EGTXYltMocqg4xFAQZtnO3DHWWXi8RiuN7cQ==}
    engines: {node: 18 || 20 || >=22}

  buffer-crc32@0.2.13:
    resolution: {integrity: sha512-VO9Ht/+p3SN7SKWqcrgEzjGbRSJYTx+Q1pTQC0wrWqHx0vpJraQ6GtHx8tvcg1rlK1byhU5gccxgOgj7B0TDkQ==}

  chownr@3.0.0:
    resolution: {integrity: sha512-+IxzY9BZOQd/XuYPRmrvEVjF/nqj5kgT4kEq7VofrDoM1MxoRjEWkrCC3EtLi59TVawxTAn+orJwFQcrqEN1+g==}
    engines: {node: '>=18'}

  commander@13.1.0:
    resolution: {integrity: sha512-/rFeCpNJQbhSZjGVwO9RFV3xPqbnERS8MmIQzCtD/zl6gpJuV/bMLuN92oG3F7d8oDEHHRrujSXNUr8fpjntKw==}
    engines: {node: '>=18'}

  cross-spawn@7.0.6:
    resolution: {integrity: sha512-uV2QOWP2nWzsy2aMp8aRibhi9dlzF5Hgh5SHaB9OiTGEyDTiJJyx0uy51QXdyWbtAHNua4XJzUKca3OzKUd3vA==}
    engines: {node: '>= 8'}

  debug@4.4.3:
    resolution: {integrity: sha512-RGwwWnwQvkVfavKVt22FGLw+xYSdzARwm0ru6DhTVA3umU5hZc28V3kO4stgYryrTlLpuvgI9GiijltAjNbcqA==}
    engines: {node: '>=6.0'}
    peerDependencies:
      supports-color: '*'
    peerDependenciesMeta:
      supports-color:
        optional: true

  electron@42.2.0:
    resolution: {integrity: sha512-b2Tc7sIKiZEl0tBVwFM5GJ+FT5KYhmy9QJHjx8BGVZPVW2SctXWEvrE959ElB56qw7H05dBkhlikDA1DmpaAMw==}
    engines: {node: '>= 22.12.0'}
    hasBin: true

  end-of-stream@1.4.5:
    resolution: {integrity: sha512-ooEGc6HP26xXq/N+GCGOT0JKCLDGrq2bQUZrQ7gyrJiZANJ/8YDTxTpQBXGMn+WbIQXNVpyWymm7KYVICQnyOg==}

  env-paths@2.2.1:
    resolution: {integrity: sha512-+h1lkLKhZMTYjog1VEpJNG7NZJWcuc2DDk/qsqSTRRCOXiLjeQ1d1/udrUGhqMxUgAlwKNZ0cf2uqan5GLuS2A==}
    engines: {node: '>=6'}

  env-paths@3.0.0:
    resolution: {integrity: sha512-dtJUTepzMW3Lm/NPxRf3wP4642UWhjL2sQxc+ym2YMj1m/H2zDNQOlezafzkHwn6sMstjHTwG6iQQsctDW/b1A==}
    engines: {node: ^12.20.0 || ^14.13.1 || >=16.0.0}

  exponential-backoff@3.1.3:
    resolution: {integrity: sha512-ZgEeZXj30q+I0EN+CbSSpIyPaJ5HVQD18Z1m+u1FXbAeT94mr1zw50q4q6jiiC447Nl/YTcIYSAftiGqetwXCA==}

  extract-zip@2.0.1:
    resolution: {integrity: sha512-GDhU9ntwuKyGXdZBUgTIe+vXnWj0fppUEtMDL0+idd5Sta8TGpHssn/eusA9mrPr9qNDym6SxAYZjNvCn/9RBg==}
    engines: {node: '>= 10.17.0'}
    hasBin: true

  fd-slicer@1.1.0:
    resolution: {integrity: sha512-cE1qsB/VwyQozZ+q1dGxR8LBYNZeofhEdUNGSMbQD3Gw2lAzX9Zb3uIU6Ebc/Fmyjo9AWWfnn0AUCHqtevs/8g==}

  fdir@6.5.0:
    resolution: {integrity: sha512-tIbYtZbucOs0BRGqPJkshJUYdL+SDH7dVM8gjy+ERp3WAUjLEFJE+02kanyHtwjWOnwrKYBiwAmM0p4kLJAnXg==}
    engines: {node: '>=12.0.0'}
    peerDependencies:
      picomatch: ^3 || ^4
    peerDependenciesMeta:
      picomatch:
        optional: true

  get-stream@5.2.0:
    resolution: {integrity: sha512-nBF+F1rAZVCu/p7rjzgA+Yb4lfYXrpl7a6VmJrU8wF9I1CKvP/QwPNZHnOlwbTkY6dvtFIzFMSyQXbLoTQPRpA==}
    engines: {node: '>=8'}

  glob@13.0.6:
    resolution: {integrity: sha512-Wjlyrolmm8uDpm/ogGyXZXb1Z+Ca2B8NbJwqBVg0axK9GbBeoS7yGV6vjXnYdGm6X53iehEuxxbyiKp8QmN4Vw==}
    engines: {node: 18 || 20 || >=22}

  graceful-fs@4.2.11:
    resolution: {integrity: sha512-RbJ5/jmFcNNCcDV5o9eTnBLJ/HszWV0P73bc+Ff4nS/rJj+YaS6IGyiOL0VoBYX+l1Wrl3k63h/KrH+nhJ0XvQ==}

  isexe@2.0.0:
    resolution: {integrity: sha512-RHxMLp9lnKHGHRng9QFhRCMbYAcVpn69smSGcq3f36xjgVVWThj4qqLbTLlq7Ssj8B+fIQ1EuCEGI2lKsyQeIw==}

  isexe@4.0.0:
    resolution: {integrity: sha512-FFUtZMpoZ8RqHS3XeXEmHWLA4thH+ZxCv2lOiPIn1Xc7CxrqhWzNSDzD+/chS/zbYezmiwWLdQC09JdQKmthOw==}
    engines: {node: '>=20'}

  lru-cache@11.3.5:
    resolution: {integrity: sha512-NxVFwLAnrd9i7KUBxC4DrUhmgjzOs+1Qm50D3oF1/oL+r1NpZ4gA7xvG0/zJ8evR7zIKn4vLf7qTNduWFtCrRw==}
    engines: {node: 20 || >=22}

  minimatch@10.2.5:
    resolution: {integrity: sha512-MULkVLfKGYDFYejP07QOurDLLQpcjk7Fw+7jXS2R2czRQzR56yHRveU5NDJEOviH+hETZKSkIk5c+T23GjFUMg==}
    engines: {node: 18 || 20 || >=22}

  minipass@7.1.3:
    resolution: {integrity: sha512-tEBHqDnIoM/1rXME1zgka9g6Q2lcoCkxHLuc7ODJ5BxbP5d4c2Z5cGgtXAku59200Cx7diuHTOYfSBD8n6mm8A==}
    engines: {node: '>=16 || 14 >=14.17'}

  minizlib@3.1.0:
    resolution: {integrity: sha512-KZxYo1BUkWD2TVFLr0MQoM8vUUigWD3LlD83a/75BqC+4qE0Hb1Vo5v1FgcfaNXvfXzr+5EhQ6ing/CaBijTlw==}
    engines: {node: '>= 18'}

  ms@2.1.3:
    resolution: {integrity: sha512-6FlzubTLZG3J2a/NVCAleEhjzq5oxgHyaCU9yYXvcLsvoVaHJq/s5xXI6/XXP6tz7R9xAOtHnSO/tXtF3WRTlA==}

  node-abi@4.31.0:
    resolution: {integrity: sha512-Erq5w/t3syw3s4sDsUaX4QttIdBPsGKTT1DTRsCkTonGggczhlDKm/wDX3o+HPJpQ41EjXCbcmXf0tgr5YZJXw==}
    engines: {node: '>=22.12.0'}

  node-api-version@0.2.1:
    resolution: {integrity: sha512-2xP/IGGMmmSQpI1+O/k72jF/ykvZ89JeuKX3TLJAYPDVLUalrshrLHkeVcCCZqG/eEa635cr8IBYzgnDvM2O8Q==}

  node-gyp@12.3.0:
    resolution: {integrity: sha512-QNcUWM+HgJplcPzBvFBZ9VXacyGZ4+VTOb80PwWR+TlVzoHbRKULNEzpRsnaoxG3Wzr7Qh7BYxGDU3CbKib2Yg==}
    engines: {node: ^20.17.0 || >=22.9.0}
    hasBin: true

  nopt@9.0.0:
    resolution: {integrity: sha512-Zhq3a+yFKrYwSBluL4H9XP3m3y5uvQkB/09CwDruCiRmR/UJYnn9W4R48ry0uGC70aeTPKLynBtscP9efFFcPw==}
    engines: {node: ^20.17.0 || >=22.9.0}
    hasBin: true

  once@1.4.0:
    resolution: {integrity: sha512-lNaJgI+2Q5URQBkccEKHTQOPaXdUxnZZElQTZY0MFUAuaEqe1E+Nyvgdz/aIyNi6Z9MzO5dv1H8n58/GELp3+w==}

  path-key@3.1.1:
    resolution: {integrity: sha512-ojmeN0qd+y0jszEtoY48r0Peq5dwMEkIlCOu6Q5f41lfkswXuKtYrhgoTpLnyIcHm24Uhqx+5Tqm2InSwLhE6Q==}
    engines: {node: '>=8'}

  path-scurry@2.0.2:
    resolution: {integrity: sha512-3O/iVVsJAPsOnpwWIeD+d6z/7PmqApyQePUtCndjatj/9I5LylHvt5qluFaBT3I5h3r1ejfR056c+FCv+NnNXg==}
    engines: {node: 18 || 20 || >=22}

  pend@1.2.0:
    resolution: {integrity: sha512-F3asv42UuXchdzt+xXqfW1OGlVBe+mxa2mqI0pg5yAHZPvFmY3Y6drSf/GQ1A86WgWEN9Kzh/WrgKa6iGcHXLg==}

  picomatch@4.0.3:
    resolution: {integrity: sha512-5gTmgEY/sqK6gFXLIsQNH19lWb4ebPDLA4SdLP7dsWkIXHWlG66oPuVvXSGFPppYZz8ZDZq0dYYrbHfBCVUb1Q==}
    engines: {node: '>=12'}

  proc-log@6.1.0:
    resolution: {integrity: sha512-iG+GYldRf2BQ0UDUAd6JQ/RwzaQy6mXmsk/IzlYyal4A4SNFw54MeH4/tLkF4I5WoWG9SQwuqWzS99jaFQHBuQ==}
    engines: {node: ^20.17.0 || >=22.9.0}

  progress@2.0.3:
    resolution: {integrity: sha512-7PiHtLll5LdnKIMw100I+8xJXR5gW2QwWYkT6iJva0bXitZKa/XMrSbdmg3r2Xnaidz9Qumd0VPaMrZlF9V9sA==}
    engines: {node: '>=0.4.0'}

  pump@3.0.4:
    resolution: {integrity: sha512-VS7sjc6KR7e1ukRFhQSY5LM2uBWAUPiOPa/A3mkKmiMwSmRFUITt0xuj+/lesgnCv+dPIEYlkzrcyXgquIHMcA==}

  read-binary-file-arch@1.0.6:
    resolution: {integrity: sha512-BNg9EN3DD3GsDXX7Aa8O4p92sryjkmzYYgmgTAc6CA4uGLEDzFfxOxugu21akOxpcXHiEgsYkC6nPsQvLLLmEg==}
    hasBin: true

  semver@7.8.0:
    resolution: {integrity: sha512-AcM7dV/5ul4EekoQ29Agm5vri8JNqRyj39o0qpX6vDF2GZrtutZl5RwgD1XnZjiTAfncsJhMI48QQH3sN87YNA==}
    engines: {node: '>=10'}
    hasBin: true

  shebang-command@2.0.0:
    resolution: {integrity: sha512-kHxr2zZpYtdmrN1qDjrrX/Z1rR1kG8Dx+gkpK1G4eXmvXswmcE1hTWBWYUzlraYw1/yZp6YuDY77YtvbN0dmDA==}
    engines: {node: '>=8'}

  shebang-regex@3.0.0:
    resolution: {integrity: sha512-7++dFhtcx3353uBaq8DDR4NuxBetBzC7ZQOhmTQInHEd6bSrXdiEyzCvG07Z44UYdLShWUyXt5M/yhz8ekcb1A==}
    engines: {node: '>=8'}

  sumchecker@3.0.1:
    resolution: {integrity: sha512-MvjXzkz/BOfyVDkG0oFOtBxHX2u3gKbMHIF/dXblZsgD3BWOFLmHovIpZY7BykJdAjcqRCBi1WYBNdEC9yI7vg==}
    engines: {node: '>= 8.0'}

  tar@7.5.11:
    resolution: {integrity: sha512-ChjMH33/KetonMTAtpYdgUFr0tbz69Fp2v7zWxQfYZX4g5ZN2nOBXm1R2xyA+lMIKrLKIoKAwFj93jE/avX9cQ==}
    engines: {node: '>=18'}

  tinyglobby@0.2.15:
    resolution: {integrity: sha512-j2Zq4NyQYG5XMST4cbs02Ak8iJUdxRM0XI5QyxXuZOzKOINmWurp3smXu3y5wDcJrptwpSjgXHzIQxR0omXljQ==}
    engines: {node: '>=12.0.0'}

  undici-types@7.16.0:
    resolution: {integrity: sha512-Zz+aZWSj8LE6zoxD+xrjh4VfkIG8Ya6LvYkZqtUQGJPZjYl53ypCaUwWqo7eI0x66KBGeRo+mlBEkMSeSZ38Nw==}

  undici@6.25.0:
    resolution: {integrity: sha512-ZgpWDC5gmNiuY9CnLVXEH8rl50xhRCuLNA97fAUnKi8RRuV4E6KG31pDTsLVUKnohJE0I3XDrTeEydAXRw47xg==}
    engines: {node: '>=18.17'}

  undici@7.25.0:
    resolution: {integrity: sha512-xXnp4kTyor2Zq+J1FfPI6Eq3ew5h6Vl0F/8d9XU5zZQf1tX9s2Su1/3PiMmUANFULpmksxkClamIZcaUqryHsQ==}
    engines: {node: '>=20.18.1'}

  which@2.0.2:
    resolution: {integrity: sha512-BLI3Tl1TW3Pvl70l3yq3Y64i+awpwXqsGBYWkkqMtnbXgrMD+yj7rhW0kuEDxzJaYXGjEW5ogapKNMEKNMjibA==}
    engines: {node: '>= 8'}
    hasBin: true

  which@6.0.1:
    resolution: {integrity: sha512-oGLe46MIrCRqX7ytPUf66EAYvdeMIZYn3WaocqqKZAxrBpkqHfL/qvTyJ/bTk5+AqHCjXmrv3CEWgy368zhRUg==}
    engines: {node: ^20.17.0 || >=22.9.0}
    hasBin: true

  wrappy@1.0.2:
    resolution: {integrity: sha512-l4Sp/DRseor9wL6EvV2+TuQn63dMkPjZ/sp9XkghTEbV9KlPS1xUsZ3u7/IQO4wxtcFB4bgpQPRcR3QCvezPcQ==}

  yallist@5.0.0:
    resolution: {integrity: sha512-YgvUTfwqyc7UXVMrB+SImsVYSmTS8X/tSrtdNZMImM+n7+QTriRXyXim0mBrTXNeqzVF0KWGgHPeiyViFFrNDw==}
    engines: {node: '>=18'}

  yauzl@2.10.0:
    resolution: {integrity: sha512-p4a9I6X6nu6IhoGmBqAcbJy1mlC4j27vEPZX9F4L4/vZT3Lyq1VkFHw/V/PUcB9Buo+DG3iHkT0x3Qya58zc3g==}

snapshots:

  '@electron/asar@4.2.0':
    dependencies:
      commander: 13.1.0
      glob: 13.0.6
      minimatch: 10.2.5

  '@electron/get@5.0.0':
    dependencies:
      debug: 4.4.3
      env-paths: 3.0.0
      graceful-fs: 4.2.11
      progress: 2.0.3
      semver: 7.8.0
      sumchecker: 3.0.1
    optionalDependencies:
      undici: 7.25.0
    transitivePeerDependencies:
      - supports-color

  '@electron/rebuild@4.0.4':
    dependencies:
      '@malept/cross-spawn-promise': 2.0.0
      debug: 4.4.3
      node-abi: 4.31.0
      node-api-version: 0.2.1
      node-gyp: 12.3.0
      read-binary-file-arch: 1.0.6
    transitivePeerDependencies:
      - supports-color

  '@isaacs/fs-minipass@4.0.1':
    dependencies:
      minipass: 7.1.3

  '@malept/cross-spawn-promise@2.0.0':
    dependencies:
      cross-spawn: 7.0.6

  '@openai/codex@0.134.0-alpha.1':
    optionalDependencies:
      '@openai/codex-darwin-arm64': '@openai/codex@0.134.0-alpha.1-darwin-arm64'
      '@openai/codex-darwin-x64': '@openai/codex@0.134.0-alpha.1-darwin-x64'
      '@openai/codex-linux-arm64': '@openai/codex@0.134.0-alpha.1-linux-arm64'
      '@openai/codex-linux-x64': '@openai/codex@0.134.0-alpha.1-linux-x64'
      '@openai/codex-win32-arm64': '@openai/codex@0.134.0-alpha.1-win32-arm64'
      '@openai/codex-win32-x64': '@openai/codex@0.134.0-alpha.1-win32-x64'

  '@openai/codex@0.134.0-alpha.1-darwin-arm64':
    optional: true

  '@openai/codex@0.134.0-alpha.1-darwin-x64':
    optional: true

  '@openai/codex@0.134.0-alpha.1-linux-arm64':
    optional: true

  '@openai/codex@0.134.0-alpha.1-linux-x64':
    optional: true

  '@openai/codex@0.134.0-alpha.1-win32-arm64':
    optional: true

  '@openai/codex@0.134.0-alpha.1-win32-x64':
    optional: true

  '@types/node@24.12.4':
    dependencies:
      undici-types: 7.16.0

  '@types/yauzl@2.10.3':
    dependencies:
      '@types/node': 24.12.4
    optional: true

  abbrev@4.0.0: {}

  balanced-match@4.0.4: {}

  brace-expansion@5.0.5:
    dependencies:
      balanced-match: 4.0.4

  buffer-crc32@0.2.13: {}

  chownr@3.0.0: {}

  commander@13.1.0: {}

  cross-spawn@7.0.6:
    dependencies:
      path-key: 3.1.1
      shebang-command: 2.0.0
      which: 2.0.2

  debug@4.4.3:
    dependencies:
      ms: 2.1.3

  electron@42.2.0:
    dependencies:
      '@electron/get': 5.0.0
      '@types/node': 24.12.4
      extract-zip: 2.0.1
    transitivePeerDependencies:
      - supports-color

  end-of-stream@1.4.5:
    dependencies:
      once: 1.4.0

  env-paths@2.2.1: {}

  env-paths@3.0.0: {}

  exponential-backoff@3.1.3: {}

  extract-zip@2.0.1:
    dependencies:
      debug: 4.4.3
      get-stream: 5.2.0
      yauzl: 2.10.0
    optionalDependencies:
      '@types/yauzl': 2.10.3
    transitivePeerDependencies:
      - supports-color

  fd-slicer@1.1.0:
    dependencies:
      pend: 1.2.0

  fdir@6.5.0(picomatch@4.0.3):
    optionalDependencies:
      picomatch: 4.0.3

  get-stream@5.2.0:
    dependencies:
      pump: 3.0.4

  glob@13.0.6:
    dependencies:
      minimatch: 10.2.5
      minipass: 7.1.3
      path-scurry: 2.0.2

  graceful-fs@4.2.11: {}

  isexe@2.0.0: {}

  isexe@4.0.0: {}

  lru-cache@11.3.5: {}

  minimatch@10.2.5:
    dependencies:
      brace-expansion: 5.0.5

  minipass@7.1.3: {}

  minizlib@3.1.0:
    dependencies:
      minipass: 7.1.3

  ms@2.1.3: {}

  node-abi@4.31.0:
    dependencies:
      semver: 7.8.0

  node-api-version@0.2.1:
    dependencies:
      semver: 7.8.0

  node-gyp@12.3.0:
    dependencies:
      env-paths: 2.2.1
      exponential-backoff: 3.1.3
      graceful-fs: 4.2.11
      nopt: 9.0.0
      proc-log: 6.1.0
      semver: 7.8.0
      tar: 7.5.11
      tinyglobby: 0.2.15
      undici: 6.25.0
      which: 6.0.1

  nopt@9.0.0:
    dependencies:
      abbrev: 4.0.0

  once@1.4.0:
    dependencies:
      wrappy: 1.0.2

  path-key@3.1.1: {}

  path-scurry@2.0.2:
    dependencies:
      lru-cache: 11.3.5
      minipass: 7.1.3

  pend@1.2.0: {}

  picomatch@4.0.3: {}

  proc-log@6.1.0: {}

  progress@2.0.3: {}

  pump@3.0.4:
    dependencies:
      end-of-stream: 1.4.5
      once: 1.4.0

  read-binary-file-arch@1.0.6:
    dependencies:
      debug: 4.4.3
    transitivePeerDependencies:
      - supports-color

  semver@7.8.0: {}

  shebang-command@2.0.0:
    dependencies:
      shebang-regex: 3.0.0

  shebang-regex@3.0.0: {}

  sumchecker@3.0.1:
    dependencies:
      debug: 4.4.3
    transitivePeerDependencies:
      - supports-color

  tar@7.5.11:
    dependencies:
      '@isaacs/fs-minipass': 4.0.1
      chownr: 3.0.0
      minipass: 7.1.3
      minizlib: 3.1.0
      yallist: 5.0.0

  tinyglobby@0.2.15:
    dependencies:
      fdir: 6.5.0(picomatch@4.0.3)
      picomatch: 4.0.3

  undici-types@7.16.0: {}

  undici@6.25.0: {}

  undici@7.25.0:
    optional: true

  which@2.0.2:
    dependencies:
      isexe: 2.0.0

  which@6.0.1:
    dependencies:
      isexe: 4.0.0

  wrappy@1.0.2: {}

  yallist@5.0.0: {}

  yauzl@2.10.0:
    dependencies:
      buffer-crc32: 0.2.13
      fd-slicer: 1.1.0
